{
  "object": {
    "pins": [
      {
        "package": "RxGesture",
        "repositoryURL": "git@github.com:RxSwiftCommunity/RxGesture.git",
        "state": {
          "branch": null,
          "revision": "1b137c576b4aaaab949235752278956697c9e4a0",
          "version": "4.0.4"
        }
      },
      {
        "package": "RxSwift",
        "repositoryURL": "git@github.com:MichaelLedger/RxSwift.git",
        "state": {
          "branch": null,
          "revision": "b2ef090ce4398dccc65dd27df96c0d031b769654",
          "version": "6.8.3"
        }
      }
    ]
  },
  "version": 1
}
